
Microsoft Visual Studio Solution File, Format Version 12.00
# Visual Studio Version 17
Project("{2150E333-8FDC-42A3-9474-1A3956D46DE8}") = "CMakePredefinedTargets", "CMakePredefinedTargets", "{1AB0D43A-E506-3D12-8A80-F8E446464053}"
EndProject
Project("{2150E333-8FDC-42A3-9474-1A3956D46DE8}") = "External", "External", "{2A0A63A5-4FBD-32E4-95CC-2029108FC196}"
EndProject
Project("{2150E333-8FDC-42A3-9474-1A3956D46DE8}") = "Internal", "Internal", "{F3370EC0-5627-3F9B-966F-D3FF7025AEC1}"
EndProject
Project("{8BC9CEB8-8B4A-11D0-8D11-00A0C91BC942}") = "ALL_BUILD", "ALL_BUILD.vcxproj", "{72CA697C-B4C1-345D-9BCA-E7056910402A}"
	ProjectSection(ProjectDependencies) = postProject
		{C5938DA8-C53F-3348-88C0-1949C8AD5DC3} = {C5938DA8-C53F-3348-88C0-1949C8AD5DC3}
		{51B362F7-773A-35D1-9B71-F6F1747C293A} = {51B362F7-773A-35D1-9B71-F6F1747C293A}
		{972AB076-7843-3F33-A139-CADDD7CB0771} = {972AB076-7843-3F33-A139-CADDD7CB0771}
		{59B7CE72-C13F-3EF2-8032-A886DD39C32C} = {59B7CE72-C13F-3EF2-8032-A886DD39C32C}
		{B0020807-BF83-3282-B88C-9C7E324ABD63} = {B0020807-BF83-3282-B88C-9C7E324ABD63}
		{70B7E42E-B872-3532-8B84-53DC0EFEC5E4} = {70B7E42E-B872-3532-8B84-53DC0EFEC5E4}
		{D11D81BC-420E-3D53-A4FA-7165999D5F1F} = {D11D81BC-420E-3D53-A4FA-7165999D5F1F}
		{66FE07EB-686D-3B02-BBFB-34C3CE9327CF} = {66FE07EB-686D-3B02-BBFB-34C3CE9327CF}
		{BD80F96E-4451-3B44-BB0E-4641944D6BBF} = {BD80F96E-4451-3B44-BB0E-4641944D6BBF}
		{A125F70C-B4C8-3688-B0D0-BEA83AAFB4C6} = {A125F70C-B4C8-3688-B0D0-BEA83AAFB4C6}
		{6FEC0FDA-8347-3A95-A355-9FE965DE7BF1} = {6FEC0FDA-8347-3A95-A355-9FE965DE7BF1}
		{C701CDC2-58FD-3E48-B487-D67E9D353EDE} = {C701CDC2-58FD-3E48-B487-D67E9D353EDE}
		{6F0F8C62-E9FA-37D7-9424-EBCB7ADD5470} = {6F0F8C62-E9FA-37D7-9424-EBCB7ADD5470}
	EndProjectSection
EndProject
Project("{8BC9CEB8-8B4A-11D0-8D11-00A0C91BC942}") = "ZERO_CHECK", "..\..\..\\ZERO_CHECK.vcxproj", "{C5938DA8-C53F-3348-88C0-1949C8AD5DC3}"
	ProjectSection(ProjectDependencies) = postProject
	EndProjectSection
EndProject
Project("{8BC9CEB8-8B4A-11D0-8D11-00A0C91BC942}") = "cocos2d", "cocos2d.vcxproj", "{51B362F7-773A-35D1-9B71-F6F1747C293A}"
	ProjectSection(ProjectDependencies) = postProject
		{C5938DA8-C53F-3348-88C0-1949C8AD5DC3} = {C5938DA8-C53F-3348-88C0-1949C8AD5DC3}
		{972AB076-7843-3F33-A139-CADDD7CB0771} = {972AB076-7843-3F33-A139-CADDD7CB0771}
		{59B7CE72-C13F-3EF2-8032-A886DD39C32C} = {59B7CE72-C13F-3EF2-8032-A886DD39C32C}
		{B0020807-BF83-3282-B88C-9C7E324ABD63} = {B0020807-BF83-3282-B88C-9C7E324ABD63}
		{70B7E42E-B872-3532-8B84-53DC0EFEC5E4} = {70B7E42E-B872-3532-8B84-53DC0EFEC5E4}
		{D11D81BC-420E-3D53-A4FA-7165999D5F1F} = {D11D81BC-420E-3D53-A4FA-7165999D5F1F}
		{66FE07EB-686D-3B02-BBFB-34C3CE9327CF} = {66FE07EB-686D-3B02-BBFB-34C3CE9327CF}
		{BD80F96E-4451-3B44-BB0E-4641944D6BBF} = {BD80F96E-4451-3B44-BB0E-4641944D6BBF}
		{A125F70C-B4C8-3688-B0D0-BEA83AAFB4C6} = {A125F70C-B4C8-3688-B0D0-BEA83AAFB4C6}
		{6FEC0FDA-8347-3A95-A355-9FE965DE7BF1} = {6FEC0FDA-8347-3A95-A355-9FE965DE7BF1}
		{C701CDC2-58FD-3E48-B487-D67E9D353EDE} = {C701CDC2-58FD-3E48-B487-D67E9D353EDE}
		{6F0F8C62-E9FA-37D7-9424-EBCB7ADD5470} = {6F0F8C62-E9FA-37D7-9424-EBCB7ADD5470}
	EndProjectSection
EndProject
Project("{8BC9CEB8-8B4A-11D0-8D11-00A0C91BC942}") = "ext_clipper", "..\..\external\clipper\ext_clipper.vcxproj", "{972AB076-7843-3F33-A139-CADDD7CB0771}"
	ProjectSection(ProjectDependencies) = postProject
		{C5938DA8-C53F-3348-88C0-1949C8AD5DC3} = {C5938DA8-C53F-3348-88C0-1949C8AD5DC3}
	EndProjectSection
EndProject
Project("{8BC9CEB8-8B4A-11D0-8D11-00A0C91BC942}") = "ext_convertUTF", "..\..\external\ConvertUTF\ext_convertUTF.vcxproj", "{59B7CE72-C13F-3EF2-8032-A886DD39C32C}"
	ProjectSection(ProjectDependencies) = postProject
		{C5938DA8-C53F-3348-88C0-1949C8AD5DC3} = {C5938DA8-C53F-3348-88C0-1949C8AD5DC3}
	EndProjectSection
EndProject
Project("{8BC9CEB8-8B4A-11D0-8D11-00A0C91BC942}") = "ext_edtaa3func", "..\..\external\edtaa3func\ext_edtaa3func.vcxproj", "{B0020807-BF83-3282-B88C-9C7E324ABD63}"
	ProjectSection(ProjectDependencies) = postProject
		{C5938DA8-C53F-3348-88C0-1949C8AD5DC3} = {C5938DA8-C53F-3348-88C0-1949C8AD5DC3}
	EndProjectSection
EndProject
Project("{8BC9CEB8-8B4A-11D0-8D11-00A0C91BC942}") = "ext_md5", "..\..\external\md5\ext_md5.vcxproj", "{70B7E42E-B872-3532-8B84-53DC0EFEC5E4}"
	ProjectSection(ProjectDependencies) = postProject
		{C5938DA8-C53F-3348-88C0-1949C8AD5DC3} = {C5938DA8-C53F-3348-88C0-1949C8AD5DC3}
	EndProjectSection
EndProject
Project("{8BC9CEB8-8B4A-11D0-8D11-00A0C91BC942}") = "ext_poly2tri", "..\..\external\poly2tri\ext_poly2tri.vcxproj", "{D11D81BC-420E-3D53-A4FA-7165999D5F1F}"
	ProjectSection(ProjectDependencies) = postProject
		{C5938DA8-C53F-3348-88C0-1949C8AD5DC3} = {C5938DA8-C53F-3348-88C0-1949C8AD5DC3}
	EndProjectSection
EndProject
Project("{8BC9CEB8-8B4A-11D0-8D11-00A0C91BC942}") = "ext_recast", "..\..\external\recast\ext_recast.vcxproj", "{66FE07EB-686D-3B02-BBFB-34C3CE9327CF}"
	ProjectSection(ProjectDependencies) = postProject
		{C5938DA8-C53F-3348-88C0-1949C8AD5DC3} = {C5938DA8-C53F-3348-88C0-1949C8AD5DC3}
	EndProjectSection
EndProject
Project("{8BC9CEB8-8B4A-11D0-8D11-00A0C91BC942}") = "ext_tinyxml2", "..\..\external\tinyxml2\ext_tinyxml2.vcxproj", "{BD80F96E-4451-3B44-BB0E-4641944D6BBF}"
	ProjectSection(ProjectDependencies) = postProject
		{C5938DA8-C53F-3348-88C0-1949C8AD5DC3} = {C5938DA8-C53F-3348-88C0-1949C8AD5DC3}
	EndProjectSection
EndProject
Project("{8BC9CEB8-8B4A-11D0-8D11-00A0C91BC942}") = "ext_unzip", "..\..\external\unzip\ext_unzip.vcxproj", "{A125F70C-B4C8-3688-B0D0-BEA83AAFB4C6}"
	ProjectSection(ProjectDependencies) = postProject
		{C5938DA8-C53F-3348-88C0-1949C8AD5DC3} = {C5938DA8-C53F-3348-88C0-1949C8AD5DC3}
	EndProjectSection
EndProject
Project("{8BC9CEB8-8B4A-11D0-8D11-00A0C91BC942}") = "ext_xxhash", "..\..\external\xxhash\ext_xxhash.vcxproj", "{6FEC0FDA-8347-3A95-A355-9FE965DE7BF1}"
	ProjectSection(ProjectDependencies) = postProject
		{C5938DA8-C53F-3348-88C0-1949C8AD5DC3} = {C5938DA8-C53F-3348-88C0-1949C8AD5DC3}
	EndProjectSection
EndProject
Project("{8BC9CEB8-8B4A-11D0-8D11-00A0C91BC942}") = "ext_xxtea", "..\..\external\xxtea\ext_xxtea.vcxproj", "{C701CDC2-58FD-3E48-B487-D67E9D353EDE}"
	ProjectSection(ProjectDependencies) = postProject
		{C5938DA8-C53F-3348-88C0-1949C8AD5DC3} = {C5938DA8-C53F-3348-88C0-1949C8AD5DC3}
	EndProjectSection
EndProject
Project("{8BC9CEB8-8B4A-11D0-8D11-00A0C91BC942}") = "external", "..\..\external\external.vcxproj", "{6F0F8C62-E9FA-37D7-9424-EBCB7ADD5470}"
	ProjectSection(ProjectDependencies) = postProject
		{C5938DA8-C53F-3348-88C0-1949C8AD5DC3} = {C5938DA8-C53F-3348-88C0-1949C8AD5DC3}
		{972AB076-7843-3F33-A139-CADDD7CB0771} = {972AB076-7843-3F33-A139-CADDD7CB0771}
		{59B7CE72-C13F-3EF2-8032-A886DD39C32C} = {59B7CE72-C13F-3EF2-8032-A886DD39C32C}
		{B0020807-BF83-3282-B88C-9C7E324ABD63} = {B0020807-BF83-3282-B88C-9C7E324ABD63}
		{70B7E42E-B872-3532-8B84-53DC0EFEC5E4} = {70B7E42E-B872-3532-8B84-53DC0EFEC5E4}
		{D11D81BC-420E-3D53-A4FA-7165999D5F1F} = {D11D81BC-420E-3D53-A4FA-7165999D5F1F}
		{66FE07EB-686D-3B02-BBFB-34C3CE9327CF} = {66FE07EB-686D-3B02-BBFB-34C3CE9327CF}
		{BD80F96E-4451-3B44-BB0E-4641944D6BBF} = {BD80F96E-4451-3B44-BB0E-4641944D6BBF}
		{A125F70C-B4C8-3688-B0D0-BEA83AAFB4C6} = {A125F70C-B4C8-3688-B0D0-BEA83AAFB4C6}
		{6FEC0FDA-8347-3A95-A355-9FE965DE7BF1} = {6FEC0FDA-8347-3A95-A355-9FE965DE7BF1}
		{C701CDC2-58FD-3E48-B487-D67E9D353EDE} = {C701CDC2-58FD-3E48-B487-D67E9D353EDE}
	EndProjectSection
EndProject
Global
	GlobalSection(SolutionConfigurationPlatforms) = preSolution
		Debug|x64 = Debug|x64
		Release|x64 = Release|x64
		MinSizeRel|x64 = MinSizeRel|x64
		RelWithDebInfo|x64 = RelWithDebInfo|x64
	EndGlobalSection
	GlobalSection(ProjectConfigurationPlatforms) = postSolution
		{72CA697C-B4C1-345D-9BCA-E7056910402A}.Debug|x64.ActiveCfg = Debug|x64
		{72CA697C-B4C1-345D-9BCA-E7056910402A}.Release|x64.ActiveCfg = Release|x64
		{72CA697C-B4C1-345D-9BCA-E7056910402A}.MinSizeRel|x64.ActiveCfg = MinSizeRel|x64
		{72CA697C-B4C1-345D-9BCA-E7056910402A}.RelWithDebInfo|x64.ActiveCfg = RelWithDebInfo|x64
		{C5938DA8-C53F-3348-88C0-1949C8AD5DC3}.Debug|x64.ActiveCfg = Debug|x64
		{C5938DA8-C53F-3348-88C0-1949C8AD5DC3}.Debug|x64.Build.0 = Debug|x64
		{C5938DA8-C53F-3348-88C0-1949C8AD5DC3}.Release|x64.ActiveCfg = Release|x64
		{C5938DA8-C53F-3348-88C0-1949C8AD5DC3}.Release|x64.Build.0 = Release|x64
		{C5938DA8-C53F-3348-88C0-1949C8AD5DC3}.MinSizeRel|x64.ActiveCfg = MinSizeRel|x64
		{C5938DA8-C53F-3348-88C0-1949C8AD5DC3}.MinSizeRel|x64.Build.0 = MinSizeRel|x64
		{C5938DA8-C53F-3348-88C0-1949C8AD5DC3}.RelWithDebInfo|x64.ActiveCfg = RelWithDebInfo|x64
		{C5938DA8-C53F-3348-88C0-1949C8AD5DC3}.RelWithDebInfo|x64.Build.0 = RelWithDebInfo|x64
		{51B362F7-773A-35D1-9B71-F6F1747C293A}.Debug|x64.ActiveCfg = Debug|x64
		{51B362F7-773A-35D1-9B71-F6F1747C293A}.Debug|x64.Build.0 = Debug|x64
		{51B362F7-773A-35D1-9B71-F6F1747C293A}.Release|x64.ActiveCfg = Release|x64
		{51B362F7-773A-35D1-9B71-F6F1747C293A}.Release|x64.Build.0 = Release|x64
		{51B362F7-773A-35D1-9B71-F6F1747C293A}.MinSizeRel|x64.ActiveCfg = MinSizeRel|x64
		{51B362F7-773A-35D1-9B71-F6F1747C293A}.MinSizeRel|x64.Build.0 = MinSizeRel|x64
		{51B362F7-773A-35D1-9B71-F6F1747C293A}.RelWithDebInfo|x64.ActiveCfg = RelWithDebInfo|x64
		{51B362F7-773A-35D1-9B71-F6F1747C293A}.RelWithDebInfo|x64.Build.0 = RelWithDebInfo|x64
		{972AB076-7843-3F33-A139-CADDD7CB0771}.Debug|x64.ActiveCfg = Debug|x64
		{972AB076-7843-3F33-A139-CADDD7CB0771}.Debug|x64.Build.0 = Debug|x64
		{972AB076-7843-3F33-A139-CADDD7CB0771}.Release|x64.ActiveCfg = Release|x64
		{972AB076-7843-3F33-A139-CADDD7CB0771}.Release|x64.Build.0 = Release|x64
		{972AB076-7843-3F33-A139-CADDD7CB0771}.MinSizeRel|x64.ActiveCfg = MinSizeRel|x64
		{972AB076-7843-3F33-A139-CADDD7CB0771}.MinSizeRel|x64.Build.0 = MinSizeRel|x64
		{972AB076-7843-3F33-A139-CADDD7CB0771}.RelWithDebInfo|x64.ActiveCfg = RelWithDebInfo|x64
		{972AB076-7843-3F33-A139-CADDD7CB0771}.RelWithDebInfo|x64.Build.0 = RelWithDebInfo|x64
		{59B7CE72-C13F-3EF2-8032-A886DD39C32C}.Debug|x64.ActiveCfg = Debug|x64
		{59B7CE72-C13F-3EF2-8032-A886DD39C32C}.Debug|x64.Build.0 = Debug|x64
		{59B7CE72-C13F-3EF2-8032-A886DD39C32C}.Release|x64.ActiveCfg = Release|x64
		{59B7CE72-C13F-3EF2-8032-A886DD39C32C}.Release|x64.Build.0 = Release|x64
		{59B7CE72-C13F-3EF2-8032-A886DD39C32C}.MinSizeRel|x64.ActiveCfg = MinSizeRel|x64
		{59B7CE72-C13F-3EF2-8032-A886DD39C32C}.MinSizeRel|x64.Build.0 = MinSizeRel|x64
		{59B7CE72-C13F-3EF2-8032-A886DD39C32C}.RelWithDebInfo|x64.ActiveCfg = RelWithDebInfo|x64
		{59B7CE72-C13F-3EF2-8032-A886DD39C32C}.RelWithDebInfo|x64.Build.0 = RelWithDebInfo|x64
		{B0020807-BF83-3282-B88C-9C7E324ABD63}.Debug|x64.ActiveCfg = Debug|x64
		{B0020807-BF83-3282-B88C-9C7E324ABD63}.Debug|x64.Build.0 = Debug|x64
		{B0020807-BF83-3282-B88C-9C7E324ABD63}.Release|x64.ActiveCfg = Release|x64
		{B0020807-BF83-3282-B88C-9C7E324ABD63}.Release|x64.Build.0 = Release|x64
		{B0020807-BF83-3282-B88C-9C7E324ABD63}.MinSizeRel|x64.ActiveCfg = MinSizeRel|x64
		{B0020807-BF83-3282-B88C-9C7E324ABD63}.MinSizeRel|x64.Build.0 = MinSizeRel|x64
		{B0020807-BF83-3282-B88C-9C7E324ABD63}.RelWithDebInfo|x64.ActiveCfg = RelWithDebInfo|x64
		{B0020807-BF83-3282-B88C-9C7E324ABD63}.RelWithDebInfo|x64.Build.0 = RelWithDebInfo|x64
		{70B7E42E-B872-3532-8B84-53DC0EFEC5E4}.Debug|x64.ActiveCfg = Debug|x64
		{70B7E42E-B872-3532-8B84-53DC0EFEC5E4}.Debug|x64.Build.0 = Debug|x64
		{70B7E42E-B872-3532-8B84-53DC0EFEC5E4}.Release|x64.ActiveCfg = Release|x64
		{70B7E42E-B872-3532-8B84-53DC0EFEC5E4}.Release|x64.Build.0 = Release|x64
		{70B7E42E-B872-3532-8B84-53DC0EFEC5E4}.MinSizeRel|x64.ActiveCfg = MinSizeRel|x64
		{70B7E42E-B872-3532-8B84-53DC0EFEC5E4}.MinSizeRel|x64.Build.0 = MinSizeRel|x64
		{70B7E42E-B872-3532-8B84-53DC0EFEC5E4}.RelWithDebInfo|x64.ActiveCfg = RelWithDebInfo|x64
		{70B7E42E-B872-3532-8B84-53DC0EFEC5E4}.RelWithDebInfo|x64.Build.0 = RelWithDebInfo|x64
		{D11D81BC-420E-3D53-A4FA-7165999D5F1F}.Debug|x64.ActiveCfg = Debug|x64
		{D11D81BC-420E-3D53-A4FA-7165999D5F1F}.Debug|x64.Build.0 = Debug|x64
		{D11D81BC-420E-3D53-A4FA-7165999D5F1F}.Release|x64.ActiveCfg = Release|x64
		{D11D81BC-420E-3D53-A4FA-7165999D5F1F}.Release|x64.Build.0 = Release|x64
		{D11D81BC-420E-3D53-A4FA-7165999D5F1F}.MinSizeRel|x64.ActiveCfg = MinSizeRel|x64
		{D11D81BC-420E-3D53-A4FA-7165999D5F1F}.MinSizeRel|x64.Build.0 = MinSizeRel|x64
		{D11D81BC-420E-3D53-A4FA-7165999D5F1F}.RelWithDebInfo|x64.ActiveCfg = RelWithDebInfo|x64
		{D11D81BC-420E-3D53-A4FA-7165999D5F1F}.RelWithDebInfo|x64.Build.0 = RelWithDebInfo|x64
		{66FE07EB-686D-3B02-BBFB-34C3CE9327CF}.Debug|x64.ActiveCfg = Debug|x64
		{66FE07EB-686D-3B02-BBFB-34C3CE9327CF}.Debug|x64.Build.0 = Debug|x64
		{66FE07EB-686D-3B02-BBFB-34C3CE9327CF}.Release|x64.ActiveCfg = Release|x64
		{66FE07EB-686D-3B02-BBFB-34C3CE9327CF}.Release|x64.Build.0 = Release|x64
		{66FE07EB-686D-3B02-BBFB-34C3CE9327CF}.MinSizeRel|x64.ActiveCfg = MinSizeRel|x64
		{66FE07EB-686D-3B02-BBFB-34C3CE9327CF}.MinSizeRel|x64.Build.0 = MinSizeRel|x64
		{66FE07EB-686D-3B02-BBFB-34C3CE9327CF}.RelWithDebInfo|x64.ActiveCfg = RelWithDebInfo|x64
		{66FE07EB-686D-3B02-BBFB-34C3CE9327CF}.RelWithDebInfo|x64.Build.0 = RelWithDebInfo|x64
		{BD80F96E-4451-3B44-BB0E-4641944D6BBF}.Debug|x64.ActiveCfg = Debug|x64
		{BD80F96E-4451-3B44-BB0E-4641944D6BBF}.Debug|x64.Build.0 = Debug|x64
		{BD80F96E-4451-3B44-BB0E-4641944D6BBF}.Release|x64.ActiveCfg = Release|x64
		{BD80F96E-4451-3B44-BB0E-4641944D6BBF}.Release|x64.Build.0 = Release|x64
		{BD80F96E-4451-3B44-BB0E-4641944D6BBF}.MinSizeRel|x64.ActiveCfg = MinSizeRel|x64
		{BD80F96E-4451-3B44-BB0E-4641944D6BBF}.MinSizeRel|x64.Build.0 = MinSizeRel|x64
		{BD80F96E-4451-3B44-BB0E-4641944D6BBF}.RelWithDebInfo|x64.ActiveCfg = RelWithDebInfo|x64
		{BD80F96E-4451-3B44-BB0E-4641944D6BBF}.RelWithDebInfo|x64.Build.0 = RelWithDebInfo|x64
		{A125F70C-B4C8-3688-B0D0-BEA83AAFB4C6}.Debug|x64.ActiveCfg = Debug|x64
		{A125F70C-B4C8-3688-B0D0-BEA83AAFB4C6}.Debug|x64.Build.0 = Debug|x64
		{A125F70C-B4C8-3688-B0D0-BEA83AAFB4C6}.Release|x64.ActiveCfg = Release|x64
		{A125F70C-B4C8-3688-B0D0-BEA83AAFB4C6}.Release|x64.Build.0 = Release|x64
		{A125F70C-B4C8-3688-B0D0-BEA83AAFB4C6}.MinSizeRel|x64.ActiveCfg = MinSizeRel|x64
		{A125F70C-B4C8-3688-B0D0-BEA83AAFB4C6}.MinSizeRel|x64.Build.0 = MinSizeRel|x64
		{A125F70C-B4C8-3688-B0D0-BEA83AAFB4C6}.RelWithDebInfo|x64.ActiveCfg = RelWithDebInfo|x64
		{A125F70C-B4C8-3688-B0D0-BEA83AAFB4C6}.RelWithDebInfo|x64.Build.0 = RelWithDebInfo|x64
		{6FEC0FDA-8347-3A95-A355-9FE965DE7BF1}.Debug|x64.ActiveCfg = Debug|x64
		{6FEC0FDA-8347-3A95-A355-9FE965DE7BF1}.Debug|x64.Build.0 = Debug|x64
		{6FEC0FDA-8347-3A95-A355-9FE965DE7BF1}.Release|x64.ActiveCfg = Release|x64
		{6FEC0FDA-8347-3A95-A355-9FE965DE7BF1}.Release|x64.Build.0 = Release|x64
		{6FEC0FDA-8347-3A95-A355-9FE965DE7BF1}.MinSizeRel|x64.ActiveCfg = MinSizeRel|x64
		{6FEC0FDA-8347-3A95-A355-9FE965DE7BF1}.MinSizeRel|x64.Build.0 = MinSizeRel|x64
		{6FEC0FDA-8347-3A95-A355-9FE965DE7BF1}.RelWithDebInfo|x64.ActiveCfg = RelWithDebInfo|x64
		{6FEC0FDA-8347-3A95-A355-9FE965DE7BF1}.RelWithDebInfo|x64.Build.0 = RelWithDebInfo|x64
		{C701CDC2-58FD-3E48-B487-D67E9D353EDE}.Debug|x64.ActiveCfg = Debug|x64
		{C701CDC2-58FD-3E48-B487-D67E9D353EDE}.Debug|x64.Build.0 = Debug|x64
		{C701CDC2-58FD-3E48-B487-D67E9D353EDE}.Release|x64.ActiveCfg = Release|x64
		{C701CDC2-58FD-3E48-B487-D67E9D353EDE}.Release|x64.Build.0 = Release|x64
		{C701CDC2-58FD-3E48-B487-D67E9D353EDE}.MinSizeRel|x64.ActiveCfg = MinSizeRel|x64
		{C701CDC2-58FD-3E48-B487-D67E9D353EDE}.MinSizeRel|x64.Build.0 = MinSizeRel|x64
		{C701CDC2-58FD-3E48-B487-D67E9D353EDE}.RelWithDebInfo|x64.ActiveCfg = RelWithDebInfo|x64
		{C701CDC2-58FD-3E48-B487-D67E9D353EDE}.RelWithDebInfo|x64.Build.0 = RelWithDebInfo|x64
		{6F0F8C62-E9FA-37D7-9424-EBCB7ADD5470}.Debug|x64.ActiveCfg = Debug|x64
		{6F0F8C62-E9FA-37D7-9424-EBCB7ADD5470}.Debug|x64.Build.0 = Debug|x64
		{6F0F8C62-E9FA-37D7-9424-EBCB7ADD5470}.Release|x64.ActiveCfg = Release|x64
		{6F0F8C62-E9FA-37D7-9424-EBCB7ADD5470}.Release|x64.Build.0 = Release|x64
		{6F0F8C62-E9FA-37D7-9424-EBCB7ADD5470}.MinSizeRel|x64.ActiveCfg = MinSizeRel|x64
		{6F0F8C62-E9FA-37D7-9424-EBCB7ADD5470}.MinSizeRel|x64.Build.0 = MinSizeRel|x64
		{6F0F8C62-E9FA-37D7-9424-EBCB7ADD5470}.RelWithDebInfo|x64.ActiveCfg = RelWithDebInfo|x64
		{6F0F8C62-E9FA-37D7-9424-EBCB7ADD5470}.RelWithDebInfo|x64.Build.0 = RelWithDebInfo|x64
	EndGlobalSection
	GlobalSection(NestedProjects) = preSolution
		{72CA697C-B4C1-345D-9BCA-E7056910402A} = {1AB0D43A-E506-3D12-8A80-F8E446464053}
		{C5938DA8-C53F-3348-88C0-1949C8AD5DC3} = {1AB0D43A-E506-3D12-8A80-F8E446464053}
		{972AB076-7843-3F33-A139-CADDD7CB0771} = {2A0A63A5-4FBD-32E4-95CC-2029108FC196}
		{59B7CE72-C13F-3EF2-8032-A886DD39C32C} = {2A0A63A5-4FBD-32E4-95CC-2029108FC196}
		{B0020807-BF83-3282-B88C-9C7E324ABD63} = {2A0A63A5-4FBD-32E4-95CC-2029108FC196}
		{70B7E42E-B872-3532-8B84-53DC0EFEC5E4} = {2A0A63A5-4FBD-32E4-95CC-2029108FC196}
		{D11D81BC-420E-3D53-A4FA-7165999D5F1F} = {2A0A63A5-4FBD-32E4-95CC-2029108FC196}
		{66FE07EB-686D-3B02-BBFB-34C3CE9327CF} = {2A0A63A5-4FBD-32E4-95CC-2029108FC196}
		{BD80F96E-4451-3B44-BB0E-4641944D6BBF} = {2A0A63A5-4FBD-32E4-95CC-2029108FC196}
		{A125F70C-B4C8-3688-B0D0-BEA83AAFB4C6} = {2A0A63A5-4FBD-32E4-95CC-2029108FC196}
		{6FEC0FDA-8347-3A95-A355-9FE965DE7BF1} = {2A0A63A5-4FBD-32E4-95CC-2029108FC196}
		{C701CDC2-58FD-3E48-B487-D67E9D353EDE} = {2A0A63A5-4FBD-32E4-95CC-2029108FC196}
		{6F0F8C62-E9FA-37D7-9424-EBCB7ADD5470} = {2A0A63A5-4FBD-32E4-95CC-2029108FC196}
		{51B362F7-773A-35D1-9B71-F6F1747C293A} = {F3370EC0-5627-3F9B-966F-D3FF7025AEC1}
	EndGlobalSection
	GlobalSection(ExtensibilityGlobals) = postSolution
		SolutionGuid = {88EBB0BC-8062-3E24-9B89-1F170818CCF0}
	EndGlobalSection
	GlobalSection(ExtensibilityAddIns) = postSolution
	EndGlobalSection
EndGlobal
