
Microsoft Visual Studio Solution File, Format Version 12.00
# Visual Studio Version 17
VisualStudioVersion = 17.2.32616.157
MinimumVisualStudioVersion = 10.0.40219.1
Project("{2150E333-8FDC-42A3-9474-1A3956D46DE8}") = "CMakePredefinedTargets", "CMakePredefinedTargets", "{E8BF8960-EB26-32F2-A131-A7E443E44893}"
EndProject
Project("{2150E333-8FDC-42A3-9474-1A3956D46DE8}") = "External", "External", "{051CFF8A-42B6-3BBD-BA52-6D8EE5738958}"
EndProject
Project("{2150E333-8FDC-42A3-9474-1A3956D46DE8}") = "Internal", "Internal", "{05C26B86-749D-31BF-99CD-FC91833011E2}"
EndProject
Project("{2150E333-8FDC-42A3-9474-1A3956D46DE8}") = "Utils", "Utils", "{84383BC7-3EF5-301A-B7DB-945DADC1D485}"
EndProject
Project("{8BC9CEB8-8B4A-11D0-8D11-00A0C91BC942}") = "ALL_BUILD", "ALL_BUILD.vcxproj", "{C1EED1F5-AA00-31CC-B788-A5301A2494B4}"
	ProjectSection(ProjectDependencies) = postProject
		{84DC64CD-5363-3ADF-9B75-925F49251D50} = {84DC64CD-5363-3ADF-9B75-925F49251D50}
		{D854149F-167D-3FCC-98D8-6A4F583575D7} = {D854149F-167D-3FCC-98D8-6A4F583575D7}
		{EF2A1BC2-CA69-351A-BD21-2D79EFD39C4A} = {EF2A1BC2-CA69-351A-BD21-2D79EFD39C4A}
		{9BE8B7B9-09E2-339F-A5B4-6F4399DCD10C} = {9BE8B7B9-09E2-339F-A5B4-6F4399DCD10C}
		{91A8C11C-D39D-3420-A3F0-C78953E52997} = {91A8C11C-D39D-3420-A3F0-C78953E52997}
		{D65DC40D-3F99-3BF4-A8C2-0E578118FDDA} = {D65DC40D-3F99-3BF4-A8C2-0E578118FDDA}
		{4B5F3CF9-74A5-3789-B1C8-F5F2895F75B6} = {4B5F3CF9-74A5-3789-B1C8-F5F2895F75B6}
		{81A18017-59EB-3CEB-A7C7-1C4E6AB53728} = {81A18017-59EB-3CEB-A7C7-1C4E6AB53728}
		{E8F078E8-D6C7-36DB-8FB6-770999E2D150} = {E8F078E8-D6C7-36DB-8FB6-770999E2D150}
		{1E755C7E-5887-3FE1-B62C-450CB1F34532} = {1E755C7E-5887-3FE1-B62C-450CB1F34532}
		{975FCE4E-3398-3FB1-9094-E6ED58E5982B} = {975FCE4E-3398-3FB1-9094-E6ED58E5982B}
		{12DA26E2-59C5-374A-98EA-107F5A0969DF} = {12DA26E2-59C5-374A-98EA-107F5A0969DF}
		{2AEA60BD-CF67-3461-856D-6FB0DBBE5A0B} = {2AEA60BD-CF67-3461-856D-6FB0DBBE5A0B}
		{1F065A48-8AF5-3EF0-BF86-94CBCCFE80D5} = {1F065A48-8AF5-3EF0-BF86-94CBCCFE80D5}
	EndProjectSection
EndProject
Project("{8BC9CEB8-8B4A-11D0-8D11-00A0C91BC942}") = "Game", "Game.vcxproj", "{84DC64CD-5363-3ADF-9B75-925F49251D50}"
	ProjectSection(ProjectDependencies) = postProject
		{D854149F-167D-3FCC-98D8-6A4F583575D7} = {D854149F-167D-3FCC-98D8-6A4F583575D7}
		{EF2A1BC2-CA69-351A-BD21-2D79EFD39C4A} = {EF2A1BC2-CA69-351A-BD21-2D79EFD39C4A}
		{9BE8B7B9-09E2-339F-A5B4-6F4399DCD10C} = {9BE8B7B9-09E2-339F-A5B4-6F4399DCD10C}
		{91A8C11C-D39D-3420-A3F0-C78953E52997} = {91A8C11C-D39D-3420-A3F0-C78953E52997}
		{D65DC40D-3F99-3BF4-A8C2-0E578118FDDA} = {D65DC40D-3F99-3BF4-A8C2-0E578118FDDA}
		{4B5F3CF9-74A5-3789-B1C8-F5F2895F75B6} = {4B5F3CF9-74A5-3789-B1C8-F5F2895F75B6}
		{81A18017-59EB-3CEB-A7C7-1C4E6AB53728} = {81A18017-59EB-3CEB-A7C7-1C4E6AB53728}
		{E8F078E8-D6C7-36DB-8FB6-770999E2D150} = {E8F078E8-D6C7-36DB-8FB6-770999E2D150}
		{1E755C7E-5887-3FE1-B62C-450CB1F34532} = {1E755C7E-5887-3FE1-B62C-450CB1F34532}
		{975FCE4E-3398-3FB1-9094-E6ED58E5982B} = {975FCE4E-3398-3FB1-9094-E6ED58E5982B}
		{12DA26E2-59C5-374A-98EA-107F5A0969DF} = {12DA26E2-59C5-374A-98EA-107F5A0969DF}
		{2AEA60BD-CF67-3461-856D-6FB0DBBE5A0B} = {2AEA60BD-CF67-3461-856D-6FB0DBBE5A0B}
		{1F065A48-8AF5-3EF0-BF86-94CBCCFE80D5} = {1F065A48-8AF5-3EF0-BF86-94CBCCFE80D5}
	EndProjectSection
EndProject
Project("{8BC9CEB8-8B4A-11D0-8D11-00A0C91BC942}") = "ZERO_CHECK", "ZERO_CHECK.vcxproj", "{D854149F-167D-3FCC-98D8-6A4F583575D7}"
EndProject
Project("{8BC9CEB8-8B4A-11D0-8D11-00A0C91BC942}") = "cocos2d", "engine\cocos\core\cocos2d.vcxproj", "{EF2A1BC2-CA69-351A-BD21-2D79EFD39C4A}"
	ProjectSection(ProjectDependencies) = postProject
		{D854149F-167D-3FCC-98D8-6A4F583575D7} = {D854149F-167D-3FCC-98D8-6A4F583575D7}
		{9BE8B7B9-09E2-339F-A5B4-6F4399DCD10C} = {9BE8B7B9-09E2-339F-A5B4-6F4399DCD10C}
		{91A8C11C-D39D-3420-A3F0-C78953E52997} = {91A8C11C-D39D-3420-A3F0-C78953E52997}
		{D65DC40D-3F99-3BF4-A8C2-0E578118FDDA} = {D65DC40D-3F99-3BF4-A8C2-0E578118FDDA}
		{4B5F3CF9-74A5-3789-B1C8-F5F2895F75B6} = {4B5F3CF9-74A5-3789-B1C8-F5F2895F75B6}
		{81A18017-59EB-3CEB-A7C7-1C4E6AB53728} = {81A18017-59EB-3CEB-A7C7-1C4E6AB53728}
		{E8F078E8-D6C7-36DB-8FB6-770999E2D150} = {E8F078E8-D6C7-36DB-8FB6-770999E2D150}
		{1E755C7E-5887-3FE1-B62C-450CB1F34532} = {1E755C7E-5887-3FE1-B62C-450CB1F34532}
		{975FCE4E-3398-3FB1-9094-E6ED58E5982B} = {975FCE4E-3398-3FB1-9094-E6ED58E5982B}
		{12DA26E2-59C5-374A-98EA-107F5A0969DF} = {12DA26E2-59C5-374A-98EA-107F5A0969DF}
		{2AEA60BD-CF67-3461-856D-6FB0DBBE5A0B} = {2AEA60BD-CF67-3461-856D-6FB0DBBE5A0B}
		{1F065A48-8AF5-3EF0-BF86-94CBCCFE80D5} = {1F065A48-8AF5-3EF0-BF86-94CBCCFE80D5}
	EndProjectSection
EndProject
Project("{8BC9CEB8-8B4A-11D0-8D11-00A0C91BC942}") = "ext_clipper", "engine\external\clipper\ext_clipper.vcxproj", "{9BE8B7B9-09E2-339F-A5B4-6F4399DCD10C}"
	ProjectSection(ProjectDependencies) = postProject
		{D854149F-167D-3FCC-98D8-6A4F583575D7} = {D854149F-167D-3FCC-98D8-6A4F583575D7}
	EndProjectSection
EndProject
Project("{8BC9CEB8-8B4A-11D0-8D11-00A0C91BC942}") = "ext_convertUTF", "engine\external\ConvertUTF\ext_convertUTF.vcxproj", "{91A8C11C-D39D-3420-A3F0-C78953E52997}"
	ProjectSection(ProjectDependencies) = postProject
		{D854149F-167D-3FCC-98D8-6A4F583575D7} = {D854149F-167D-3FCC-98D8-6A4F583575D7}
	EndProjectSection
EndProject
Project("{8BC9CEB8-8B4A-11D0-8D11-00A0C91BC942}") = "ext_edtaa3func", "engine\external\edtaa3func\ext_edtaa3func.vcxproj", "{D65DC40D-3F99-3BF4-A8C2-0E578118FDDA}"
	ProjectSection(ProjectDependencies) = postProject
		{D854149F-167D-3FCC-98D8-6A4F583575D7} = {D854149F-167D-3FCC-98D8-6A4F583575D7}
	EndProjectSection
EndProject
Project("{8BC9CEB8-8B4A-11D0-8D11-00A0C91BC942}") = "ext_md5", "engine\external\md5\ext_md5.vcxproj", "{4B5F3CF9-74A5-3789-B1C8-F5F2895F75B6}"
	ProjectSection(ProjectDependencies) = postProject
		{D854149F-167D-3FCC-98D8-6A4F583575D7} = {D854149F-167D-3FCC-98D8-6A4F583575D7}
	EndProjectSection
EndProject
Project("{8BC9CEB8-8B4A-11D0-8D11-00A0C91BC942}") = "ext_poly2tri", "engine\external\poly2tri\ext_poly2tri.vcxproj", "{81A18017-59EB-3CEB-A7C7-1C4E6AB53728}"
	ProjectSection(ProjectDependencies) = postProject
		{D854149F-167D-3FCC-98D8-6A4F583575D7} = {D854149F-167D-3FCC-98D8-6A4F583575D7}
	EndProjectSection
EndProject
Project("{8BC9CEB8-8B4A-11D0-8D11-00A0C91BC942}") = "ext_recast", "engine\external\recast\ext_recast.vcxproj", "{E8F078E8-D6C7-36DB-8FB6-770999E2D150}"
	ProjectSection(ProjectDependencies) = postProject
		{D854149F-167D-3FCC-98D8-6A4F583575D7} = {D854149F-167D-3FCC-98D8-6A4F583575D7}
	EndProjectSection
EndProject
Project("{8BC9CEB8-8B4A-11D0-8D11-00A0C91BC942}") = "ext_tinyxml2", "engine\external\tinyxml2\ext_tinyxml2.vcxproj", "{1E755C7E-5887-3FE1-B62C-450CB1F34532}"
	ProjectSection(ProjectDependencies) = postProject
		{D854149F-167D-3FCC-98D8-6A4F583575D7} = {D854149F-167D-3FCC-98D8-6A4F583575D7}
	EndProjectSection
EndProject
Project("{8BC9CEB8-8B4A-11D0-8D11-00A0C91BC942}") = "ext_unzip", "engine\external\unzip\ext_unzip.vcxproj", "{975FCE4E-3398-3FB1-9094-E6ED58E5982B}"
	ProjectSection(ProjectDependencies) = postProject
		{D854149F-167D-3FCC-98D8-6A4F583575D7} = {D854149F-167D-3FCC-98D8-6A4F583575D7}
	EndProjectSection
EndProject
Project("{8BC9CEB8-8B4A-11D0-8D11-00A0C91BC942}") = "ext_xxhash", "engine\external\xxhash\ext_xxhash.vcxproj", "{12DA26E2-59C5-374A-98EA-107F5A0969DF}"
	ProjectSection(ProjectDependencies) = postProject
		{D854149F-167D-3FCC-98D8-6A4F583575D7} = {D854149F-167D-3FCC-98D8-6A4F583575D7}
	EndProjectSection
EndProject
Project("{8BC9CEB8-8B4A-11D0-8D11-00A0C91BC942}") = "ext_xxtea", "engine\external\xxtea\ext_xxtea.vcxproj", "{2AEA60BD-CF67-3461-856D-6FB0DBBE5A0B}"
	ProjectSection(ProjectDependencies) = postProject
		{D854149F-167D-3FCC-98D8-6A4F583575D7} = {D854149F-167D-3FCC-98D8-6A4F583575D7}
	EndProjectSection
EndProject
Project("{8BC9CEB8-8B4A-11D0-8D11-00A0C91BC942}") = "external", "engine\external\external.vcxproj", "{1F065A48-8AF5-3EF0-BF86-94CBCCFE80D5}"
	ProjectSection(ProjectDependencies) = postProject
		{D854149F-167D-3FCC-98D8-6A4F583575D7} = {D854149F-167D-3FCC-98D8-6A4F583575D7}
		{9BE8B7B9-09E2-339F-A5B4-6F4399DCD10C} = {9BE8B7B9-09E2-339F-A5B4-6F4399DCD10C}
		{91A8C11C-D39D-3420-A3F0-C78953E52997} = {91A8C11C-D39D-3420-A3F0-C78953E52997}
		{D65DC40D-3F99-3BF4-A8C2-0E578118FDDA} = {D65DC40D-3F99-3BF4-A8C2-0E578118FDDA}
		{4B5F3CF9-74A5-3789-B1C8-F5F2895F75B6} = {4B5F3CF9-74A5-3789-B1C8-F5F2895F75B6}
		{81A18017-59EB-3CEB-A7C7-1C4E6AB53728} = {81A18017-59EB-3CEB-A7C7-1C4E6AB53728}
		{E8F078E8-D6C7-36DB-8FB6-770999E2D150} = {E8F078E8-D6C7-36DB-8FB6-770999E2D150}
		{1E755C7E-5887-3FE1-B62C-450CB1F34532} = {1E755C7E-5887-3FE1-B62C-450CB1F34532}
		{975FCE4E-3398-3FB1-9094-E6ED58E5982B} = {975FCE4E-3398-3FB1-9094-E6ED58E5982B}
		{12DA26E2-59C5-374A-98EA-107F5A0969DF} = {12DA26E2-59C5-374A-98EA-107F5A0969DF}
		{2AEA60BD-CF67-3461-856D-6FB0DBBE5A0B} = {2AEA60BD-CF67-3461-856D-6FB0DBBE5A0B}
	EndProjectSection
EndProject
Global
	GlobalSection(SolutionConfigurationPlatforms) = preSolution
		Debug|Win32 = Debug|Win32
		MinSizeRel|Win32 = MinSizeRel|Win32
		Release|Win32 = Release|Win32
		RelWithDebInfo|Win32 = RelWithDebInfo|Win32
	EndGlobalSection
	GlobalSection(ProjectConfigurationPlatforms) = postSolution
		{C1EED1F5-AA00-31CC-B788-A5301A2494B4}.Debug|Win32.ActiveCfg = Debug|Win32
		{C1EED1F5-AA00-31CC-B788-A5301A2494B4}.MinSizeRel|Win32.ActiveCfg = MinSizeRel|Win32
		{C1EED1F5-AA00-31CC-B788-A5301A2494B4}.Release|Win32.ActiveCfg = Release|Win32
		{C1EED1F5-AA00-31CC-B788-A5301A2494B4}.RelWithDebInfo|Win32.ActiveCfg = RelWithDebInfo|Win32
		{84DC64CD-5363-3ADF-9B75-925F49251D50}.Debug|Win32.ActiveCfg = Debug|Win32
		{84DC64CD-5363-3ADF-9B75-925F49251D50}.Debug|Win32.Build.0 = Debug|Win32
		{84DC64CD-5363-3ADF-9B75-925F49251D50}.MinSizeRel|Win32.ActiveCfg = MinSizeRel|Win32
		{84DC64CD-5363-3ADF-9B75-925F49251D50}.MinSizeRel|Win32.Build.0 = MinSizeRel|Win32
		{84DC64CD-5363-3ADF-9B75-925F49251D50}.Release|Win32.ActiveCfg = Release|Win32
		{84DC64CD-5363-3ADF-9B75-925F49251D50}.Release|Win32.Build.0 = Release|Win32
		{84DC64CD-5363-3ADF-9B75-925F49251D50}.RelWithDebInfo|Win32.ActiveCfg = RelWithDebInfo|Win32
		{84DC64CD-5363-3ADF-9B75-925F49251D50}.RelWithDebInfo|Win32.Build.0 = RelWithDebInfo|Win32
		{D854149F-167D-3FCC-98D8-6A4F583575D7}.Debug|Win32.ActiveCfg = Debug|Win32
		{D854149F-167D-3FCC-98D8-6A4F583575D7}.Debug|Win32.Build.0 = Debug|Win32
		{D854149F-167D-3FCC-98D8-6A4F583575D7}.MinSizeRel|Win32.ActiveCfg = MinSizeRel|Win32
		{D854149F-167D-3FCC-98D8-6A4F583575D7}.MinSizeRel|Win32.Build.0 = MinSizeRel|Win32
		{D854149F-167D-3FCC-98D8-6A4F583575D7}.Release|Win32.ActiveCfg = Release|Win32
		{D854149F-167D-3FCC-98D8-6A4F583575D7}.Release|Win32.Build.0 = Release|Win32
		{D854149F-167D-3FCC-98D8-6A4F583575D7}.RelWithDebInfo|Win32.ActiveCfg = RelWithDebInfo|Win32
		{D854149F-167D-3FCC-98D8-6A4F583575D7}.RelWithDebInfo|Win32.Build.0 = RelWithDebInfo|Win32
		{EF2A1BC2-CA69-351A-BD21-2D79EFD39C4A}.Debug|Win32.ActiveCfg = Debug|Win32
		{EF2A1BC2-CA69-351A-BD21-2D79EFD39C4A}.Debug|Win32.Build.0 = Debug|Win32
		{EF2A1BC2-CA69-351A-BD21-2D79EFD39C4A}.MinSizeRel|Win32.ActiveCfg = MinSizeRel|Win32
		{EF2A1BC2-CA69-351A-BD21-2D79EFD39C4A}.MinSizeRel|Win32.Build.0 = MinSizeRel|Win32
		{EF2A1BC2-CA69-351A-BD21-2D79EFD39C4A}.Release|Win32.ActiveCfg = Release|Win32
		{EF2A1BC2-CA69-351A-BD21-2D79EFD39C4A}.Release|Win32.Build.0 = Release|Win32
		{EF2A1BC2-CA69-351A-BD21-2D79EFD39C4A}.RelWithDebInfo|Win32.ActiveCfg = RelWithDebInfo|Win32
		{EF2A1BC2-CA69-351A-BD21-2D79EFD39C4A}.RelWithDebInfo|Win32.Build.0 = RelWithDebInfo|Win32
		{9BE8B7B9-09E2-339F-A5B4-6F4399DCD10C}.Debug|Win32.ActiveCfg = Debug|Win32
		{9BE8B7B9-09E2-339F-A5B4-6F4399DCD10C}.Debug|Win32.Build.0 = Debug|Win32
		{9BE8B7B9-09E2-339F-A5B4-6F4399DCD10C}.MinSizeRel|Win32.ActiveCfg = MinSizeRel|Win32
		{9BE8B7B9-09E2-339F-A5B4-6F4399DCD10C}.MinSizeRel|Win32.Build.0 = MinSizeRel|Win32
		{9BE8B7B9-09E2-339F-A5B4-6F4399DCD10C}.Release|Win32.ActiveCfg = Release|Win32
		{9BE8B7B9-09E2-339F-A5B4-6F4399DCD10C}.Release|Win32.Build.0 = Release|Win32
		{9BE8B7B9-09E2-339F-A5B4-6F4399DCD10C}.RelWithDebInfo|Win32.ActiveCfg = RelWithDebInfo|Win32
		{9BE8B7B9-09E2-339F-A5B4-6F4399DCD10C}.RelWithDebInfo|Win32.Build.0 = RelWithDebInfo|Win32
		{91A8C11C-D39D-3420-A3F0-C78953E52997}.Debug|Win32.ActiveCfg = Debug|Win32
		{91A8C11C-D39D-3420-A3F0-C78953E52997}.Debug|Win32.Build.0 = Debug|Win32
		{91A8C11C-D39D-3420-A3F0-C78953E52997}.MinSizeRel|Win32.ActiveCfg = MinSizeRel|Win32
		{91A8C11C-D39D-3420-A3F0-C78953E52997}.MinSizeRel|Win32.Build.0 = MinSizeRel|Win32
		{91A8C11C-D39D-3420-A3F0-C78953E52997}.Release|Win32.ActiveCfg = Release|Win32
		{91A8C11C-D39D-3420-A3F0-C78953E52997}.Release|Win32.Build.0 = Release|Win32
		{91A8C11C-D39D-3420-A3F0-C78953E52997}.RelWithDebInfo|Win32.ActiveCfg = RelWithDebInfo|Win32
		{91A8C11C-D39D-3420-A3F0-C78953E52997}.RelWithDebInfo|Win32.Build.0 = RelWithDebInfo|Win32
		{D65DC40D-3F99-3BF4-A8C2-0E578118FDDA}.Debug|Win32.ActiveCfg = Debug|Win32
		{D65DC40D-3F99-3BF4-A8C2-0E578118FDDA}.Debug|Win32.Build.0 = Debug|Win32
		{D65DC40D-3F99-3BF4-A8C2-0E578118FDDA}.MinSizeRel|Win32.ActiveCfg = MinSizeRel|Win32
		{D65DC40D-3F99-3BF4-A8C2-0E578118FDDA}.MinSizeRel|Win32.Build.0 = MinSizeRel|Win32
		{D65DC40D-3F99-3BF4-A8C2-0E578118FDDA}.Release|Win32.ActiveCfg = Release|Win32
		{D65DC40D-3F99-3BF4-A8C2-0E578118FDDA}.Release|Win32.Build.0 = Release|Win32
		{D65DC40D-3F99-3BF4-A8C2-0E578118FDDA}.RelWithDebInfo|Win32.ActiveCfg = RelWithDebInfo|Win32
		{D65DC40D-3F99-3BF4-A8C2-0E578118FDDA}.RelWithDebInfo|Win32.Build.0 = RelWithDebInfo|Win32
		{4B5F3CF9-74A5-3789-B1C8-F5F2895F75B6}.Debug|Win32.ActiveCfg = Debug|Win32
		{4B5F3CF9-74A5-3789-B1C8-F5F2895F75B6}.Debug|Win32.Build.0 = Debug|Win32
		{4B5F3CF9-74A5-3789-B1C8-F5F2895F75B6}.MinSizeRel|Win32.ActiveCfg = MinSizeRel|Win32
		{4B5F3CF9-74A5-3789-B1C8-F5F2895F75B6}.MinSizeRel|Win32.Build.0 = MinSizeRel|Win32
		{4B5F3CF9-74A5-3789-B1C8-F5F2895F75B6}.Release|Win32.ActiveCfg = Release|Win32
		{4B5F3CF9-74A5-3789-B1C8-F5F2895F75B6}.Release|Win32.Build.0 = Release|Win32
		{4B5F3CF9-74A5-3789-B1C8-F5F2895F75B6}.RelWithDebInfo|Win32.ActiveCfg = RelWithDebInfo|Win32
		{4B5F3CF9-74A5-3789-B1C8-F5F2895F75B6}.RelWithDebInfo|Win32.Build.0 = RelWithDebInfo|Win32
		{81A18017-59EB-3CEB-A7C7-1C4E6AB53728}.Debug|Win32.ActiveCfg = Debug|Win32
		{81A18017-59EB-3CEB-A7C7-1C4E6AB53728}.Debug|Win32.Build.0 = Debug|Win32
		{81A18017-59EB-3CEB-A7C7-1C4E6AB53728}.MinSizeRel|Win32.ActiveCfg = MinSizeRel|Win32
		{81A18017-59EB-3CEB-A7C7-1C4E6AB53728}.MinSizeRel|Win32.Build.0 = MinSizeRel|Win32
		{81A18017-59EB-3CEB-A7C7-1C4E6AB53728}.Release|Win32.ActiveCfg = Release|Win32
		{81A18017-59EB-3CEB-A7C7-1C4E6AB53728}.Release|Win32.Build.0 = Release|Win32
		{81A18017-59EB-3CEB-A7C7-1C4E6AB53728}.RelWithDebInfo|Win32.ActiveCfg = RelWithDebInfo|Win32
		{81A18017-59EB-3CEB-A7C7-1C4E6AB53728}.RelWithDebInfo|Win32.Build.0 = RelWithDebInfo|Win32
		{E8F078E8-D6C7-36DB-8FB6-770999E2D150}.Debug|Win32.ActiveCfg = Debug|Win32
		{E8F078E8-D6C7-36DB-8FB6-770999E2D150}.Debug|Win32.Build.0 = Debug|Win32
		{E8F078E8-D6C7-36DB-8FB6-770999E2D150}.MinSizeRel|Win32.ActiveCfg = MinSizeRel|Win32
		{E8F078E8-D6C7-36DB-8FB6-770999E2D150}.MinSizeRel|Win32.Build.0 = MinSizeRel|Win32
		{E8F078E8-D6C7-36DB-8FB6-770999E2D150}.Release|Win32.ActiveCfg = Release|Win32
		{E8F078E8-D6C7-36DB-8FB6-770999E2D150}.Release|Win32.Build.0 = Release|Win32
		{E8F078E8-D6C7-36DB-8FB6-770999E2D150}.RelWithDebInfo|Win32.ActiveCfg = RelWithDebInfo|Win32
		{E8F078E8-D6C7-36DB-8FB6-770999E2D150}.RelWithDebInfo|Win32.Build.0 = RelWithDebInfo|Win32
		{1E755C7E-5887-3FE1-B62C-450CB1F34532}.Debug|Win32.ActiveCfg = Debug|Win32
		{1E755C7E-5887-3FE1-B62C-450CB1F34532}.Debug|Win32.Build.0 = Debug|Win32
		{1E755C7E-5887-3FE1-B62C-450CB1F34532}.MinSizeRel|Win32.ActiveCfg = MinSizeRel|Win32
		{1E755C7E-5887-3FE1-B62C-450CB1F34532}.MinSizeRel|Win32.Build.0 = MinSizeRel|Win32
		{1E755C7E-5887-3FE1-B62C-450CB1F34532}.Release|Win32.ActiveCfg = Release|Win32
		{1E755C7E-5887-3FE1-B62C-450CB1F34532}.Release|Win32.Build.0 = Release|Win32
		{1E755C7E-5887-3FE1-B62C-450CB1F34532}.RelWithDebInfo|Win32.ActiveCfg = RelWithDebInfo|Win32
		{1E755C7E-5887-3FE1-B62C-450CB1F34532}.RelWithDebInfo|Win32.Build.0 = RelWithDebInfo|Win32
		{975FCE4E-3398-3FB1-9094-E6ED58E5982B}.Debug|Win32.ActiveCfg = Debug|Win32
		{975FCE4E-3398-3FB1-9094-E6ED58E5982B}.Debug|Win32.Build.0 = Debug|Win32
		{975FCE4E-3398-3FB1-9094-E6ED58E5982B}.MinSizeRel|Win32.ActiveCfg = MinSizeRel|Win32
		{975FCE4E-3398-3FB1-9094-E6ED58E5982B}.MinSizeRel|Win32.Build.0 = MinSizeRel|Win32
		{975FCE4E-3398-3FB1-9094-E6ED58E5982B}.Release|Win32.ActiveCfg = Release|Win32
		{975FCE4E-3398-3FB1-9094-E6ED58E5982B}.Release|Win32.Build.0 = Release|Win32
		{975FCE4E-3398-3FB1-9094-E6ED58E5982B}.RelWithDebInfo|Win32.ActiveCfg = RelWithDebInfo|Win32
		{975FCE4E-3398-3FB1-9094-E6ED58E5982B}.RelWithDebInfo|Win32.Build.0 = RelWithDebInfo|Win32
		{12DA26E2-59C5-374A-98EA-107F5A0969DF}.Debug|Win32.ActiveCfg = Debug|Win32
		{12DA26E2-59C5-374A-98EA-107F5A0969DF}.Debug|Win32.Build.0 = Debug|Win32
		{12DA26E2-59C5-374A-98EA-107F5A0969DF}.MinSizeRel|Win32.ActiveCfg = MinSizeRel|Win32
		{12DA26E2-59C5-374A-98EA-107F5A0969DF}.MinSizeRel|Win32.Build.0 = MinSizeRel|Win32
		{12DA26E2-59C5-374A-98EA-107F5A0969DF}.Release|Win32.ActiveCfg = Release|Win32
		{12DA26E2-59C5-374A-98EA-107F5A0969DF}.Release|Win32.Build.0 = Release|Win32
		{12DA26E2-59C5-374A-98EA-107F5A0969DF}.RelWithDebInfo|Win32.ActiveCfg = RelWithDebInfo|Win32
		{12DA26E2-59C5-374A-98EA-107F5A0969DF}.RelWithDebInfo|Win32.Build.0 = RelWithDebInfo|Win32
		{2AEA60BD-CF67-3461-856D-6FB0DBBE5A0B}.Debug|Win32.ActiveCfg = Debug|Win32
		{2AEA60BD-CF67-3461-856D-6FB0DBBE5A0B}.Debug|Win32.Build.0 = Debug|Win32
		{2AEA60BD-CF67-3461-856D-6FB0DBBE5A0B}.MinSizeRel|Win32.ActiveCfg = MinSizeRel|Win32
		{2AEA60BD-CF67-3461-856D-6FB0DBBE5A0B}.MinSizeRel|Win32.Build.0 = MinSizeRel|Win32
		{2AEA60BD-CF67-3461-856D-6FB0DBBE5A0B}.Release|Win32.ActiveCfg = Release|Win32
		{2AEA60BD-CF67-3461-856D-6FB0DBBE5A0B}.Release|Win32.Build.0 = Release|Win32
		{2AEA60BD-CF67-3461-856D-6FB0DBBE5A0B}.RelWithDebInfo|Win32.ActiveCfg = RelWithDebInfo|Win32
		{2AEA60BD-CF67-3461-856D-6FB0DBBE5A0B}.RelWithDebInfo|Win32.Build.0 = RelWithDebInfo|Win32
		{1F065A48-8AF5-3EF0-BF86-94CBCCFE80D5}.Debug|Win32.ActiveCfg = Debug|Win32
		{1F065A48-8AF5-3EF0-BF86-94CBCCFE80D5}.Debug|Win32.Build.0 = Debug|Win32
		{1F065A48-8AF5-3EF0-BF86-94CBCCFE80D5}.MinSizeRel|Win32.ActiveCfg = MinSizeRel|Win32
		{1F065A48-8AF5-3EF0-BF86-94CBCCFE80D5}.MinSizeRel|Win32.Build.0 = MinSizeRel|Win32
		{1F065A48-8AF5-3EF0-BF86-94CBCCFE80D5}.Release|Win32.ActiveCfg = Release|Win32
		{1F065A48-8AF5-3EF0-BF86-94CBCCFE80D5}.Release|Win32.Build.0 = Release|Win32
		{1F065A48-8AF5-3EF0-BF86-94CBCCFE80D5}.RelWithDebInfo|Win32.ActiveCfg = RelWithDebInfo|Win32
		{1F065A48-8AF5-3EF0-BF86-94CBCCFE80D5}.RelWithDebInfo|Win32.Build.0 = RelWithDebInfo|Win32
	EndGlobalSection
	GlobalSection(SolutionProperties) = preSolution
		HideSolutionNode = FALSE
	EndGlobalSection
	GlobalSection(NestedProjects) = preSolution
		{C1EED1F5-AA00-31CC-B788-A5301A2494B4} = {E8BF8960-EB26-32F2-A131-A7E443E44893}
		{D854149F-167D-3FCC-98D8-6A4F583575D7} = {E8BF8960-EB26-32F2-A131-A7E443E44893}
		{EF2A1BC2-CA69-351A-BD21-2D79EFD39C4A} = {05C26B86-749D-31BF-99CD-FC91833011E2}
		{9BE8B7B9-09E2-339F-A5B4-6F4399DCD10C} = {051CFF8A-42B6-3BBD-BA52-6D8EE5738958}
		{91A8C11C-D39D-3420-A3F0-C78953E52997} = {051CFF8A-42B6-3BBD-BA52-6D8EE5738958}
		{D65DC40D-3F99-3BF4-A8C2-0E578118FDDA} = {051CFF8A-42B6-3BBD-BA52-6D8EE5738958}
		{4B5F3CF9-74A5-3789-B1C8-F5F2895F75B6} = {051CFF8A-42B6-3BBD-BA52-6D8EE5738958}
		{81A18017-59EB-3CEB-A7C7-1C4E6AB53728} = {051CFF8A-42B6-3BBD-BA52-6D8EE5738958}
		{E8F078E8-D6C7-36DB-8FB6-770999E2D150} = {051CFF8A-42B6-3BBD-BA52-6D8EE5738958}
		{1E755C7E-5887-3FE1-B62C-450CB1F34532} = {051CFF8A-42B6-3BBD-BA52-6D8EE5738958}
		{975FCE4E-3398-3FB1-9094-E6ED58E5982B} = {051CFF8A-42B6-3BBD-BA52-6D8EE5738958}
		{12DA26E2-59C5-374A-98EA-107F5A0969DF} = {051CFF8A-42B6-3BBD-BA52-6D8EE5738958}
		{2AEA60BD-CF67-3461-856D-6FB0DBBE5A0B} = {051CFF8A-42B6-3BBD-BA52-6D8EE5738958}
		{1F065A48-8AF5-3EF0-BF86-94CBCCFE80D5} = {051CFF8A-42B6-3BBD-BA52-6D8EE5738958}
	EndGlobalSection
	GlobalSection(ExtensibilityGlobals) = postSolution
		SolutionGuid = {BB5E0C8A-3FD1-3FA2-B59C-0F9AED31447D}
	EndGlobalSection
EndGlobal
