<?xml version="1.0" encoding="utf-8"?>
<Project ToolsVersion="17.0" xmlns="http://schemas.microsoft.com/developer/msbuild/2003">
  <ItemGroup>
    <CustomBuild Include="S:\Game\proj.win32\CMakeFiles\e12d39788b295c931f3d5a3faf2d62aa\SYNC_RESOURCE-Game.rule">
      <Filter>CMake Rules</Filter>
    </CustomBuild>
    <CustomBuild Include="S:\Game\CMakeLists.txt" />
  </ItemGroup>
  <ItemGroup>
    <None Include="S:\Game\proj.win32\CMakeFiles\SYNC_RESOURCE-Game" />
  </ItemGroup>
  <ItemGroup>
    <Filter Include="CMake Rules">
      <UniqueIdentifier>{42F49027-6211-3884-8D59-A81E8D1DE5A8}</UniqueIdentifier>
    </Filter>
  </ItemGroup>
</Project>
